
Microsoft Visual Studio Solution File, Format Version 12.00
# Visual Studio Version 17
VisualStudioVersion = 17.1.32319.34
MinimumVisualStudioVersion = 10.0.40219.1
Project("{9A19103F-16F7-4668-BE54-9A1E7A4F7556}") = "NewMail.Web", "NewMail.Web\NewMail.Web.csproj", "{E16788E4-6783-4201-BAB9-3345FCAC0B9B}"
EndProject
Project("{FAE04EC0-301F-11D3-BF4B-00C04F79EFBC}") = "NewMail.Data", "NewMail.Data\NewMail.Data.csproj", "{0D041851-73E5-4B2D-ABC8-6FCC2C198A80}"
EndProject
Project("{FAE04EC0-301F-11D3-BF4B-00C04F79EFBC}") = "NewMail.Application", "NewMail.Application\NewMail.Application.csproj", "{70E72F1E-4B96-4690-9F30-69E30279BD13}"
EndProject
Global
	GlobalSection(SolutionConfigurationPlatforms) = preSolution
		Debug|Any CPU = Debug|Any CPU
		Release|Any CPU = Release|Any CPU
	EndGlobalSection
	GlobalSection(ProjectConfigurationPlatforms) = postSolution
		{E16788E4-6783-4201-BAB9-3345FCAC0B9B}.Debug|Any CPU.ActiveCfg = Debug|Any CPU
		{E16788E4-6783-4201-BAB9-3345FCAC0B9B}.Debug|Any CPU.Build.0 = Debug|Any CPU
		{E16788E4-6783-4201-BAB9-3345FCAC0B9B}.Release|Any CPU.ActiveCfg = Release|Any CPU
		{E16788E4-6783-4201-BAB9-3345FCAC0B9B}.Release|Any CPU.Build.0 = Release|Any CPU
		{0D041851-73E5-4B2D-ABC8-6FCC2C198A80}.Debug|Any CPU.ActiveCfg = Debug|Any CPU
		{0D041851-73E5-4B2D-ABC8-6FCC2C198A80}.Debug|Any CPU.Build.0 = Debug|Any CPU
		{0D041851-73E5-4B2D-ABC8-6FCC2C198A80}.Release|Any CPU.ActiveCfg = Release|Any CPU
		{0D041851-73E5-4B2D-ABC8-6FCC2C198A80}.Release|Any CPU.Build.0 = Release|Any CPU
		{70E72F1E-4B96-4690-9F30-69E30279BD13}.Debug|Any CPU.ActiveCfg = Debug|Any CPU
		{70E72F1E-4B96-4690-9F30-69E30279BD13}.Debug|Any CPU.Build.0 = Debug|Any CPU
		{70E72F1E-4B96-4690-9F30-69E30279BD13}.Release|Any CPU.ActiveCfg = Release|Any CPU
		{70E72F1E-4B96-4690-9F30-69E30279BD13}.Release|Any CPU.Build.0 = Release|Any CPU
	EndGlobalSection
	GlobalSection(SolutionProperties) = preSolution
		HideSolutionNode = FALSE
	EndGlobalSection
	GlobalSection(ExtensibilityGlobals) = postSolution
		SolutionGuid = {D3D3A4DE-F14B-4EF1-BA08-AC9DD784905D}
	EndGlobalSection
EndGlobal
